
Microsoft Visual Studio Solution File, Format Version 12.00
# Visual Studio Version 17
VisualStudioVersion = 17.14.36401.2 d17.14
MinimumVisualStudioVersion = 10.0.40219.1
Project("{FAE04EC0-301F-11D3-BF4B-00C04F79EFBC}") = "for", "for\for.csproj", "{035ADA40-4CFF-44FE-84CE-E782D16FF98F}"
EndProject
Global
	GlobalSection(SolutionConfigurationPlatforms) = preSolution
		Debug|Any CPU = Debug|Any CPU
		Release|Any CPU = Release|Any CPU
	EndGlobalSection
	GlobalSection(ProjectConfigurationPlatforms) = postSolution
		{035ADA40-4CFF-44FE-84CE-E782D16FF98F}.Debug|Any CPU.ActiveCfg = Debug|Any CPU
		{035ADA40-4CFF-44FE-84CE-E782D16FF98F}.Debug|Any CPU.Build.0 = Debug|Any CPU
		{035ADA40-4CFF-44FE-84CE-E782D16FF98F}.Release|Any CPU.ActiveCfg = Release|Any CPU
		{035ADA40-4CFF-44FE-84CE-E782D16FF98F}.Release|Any CPU.Build.0 = Release|Any CPU
	EndGlobalSection
	GlobalSection(SolutionProperties) = preSolution
		HideSolutionNode = FALSE
	EndGlobalSection
	GlobalSection(ExtensibilityGlobals) = postSolution
		SolutionGuid = {451A7AD9-B29A-4295-9CCE-DED4996CDD46}
	EndGlobalSection
EndGlobal
