
Microsoft Visual Studio Solution File, Format Version 12.00
# Visual Studio Version 17
VisualStudioVersion = 17.14.36401.2 d17.14
MinimumVisualStudioVersion = 10.0.40219.1
Project("{FAE04EC0-301F-11D3-BF4B-00C04F79EFBC}") = "Funções", "Funções\Funções.csproj", "{2522A982-56B1-41BA-8BAF-8BEE39E4FD8D}"
EndProject
Global
	GlobalSection(SolutionConfigurationPlatforms) = preSolution
		Debug|Any CPU = Debug|Any CPU
		Release|Any CPU = Release|Any CPU
	EndGlobalSection
	GlobalSection(ProjectConfigurationPlatforms) = postSolution
		{2522A982-56B1-41BA-8BAF-8BEE39E4FD8D}.Debug|Any CPU.ActiveCfg = Debug|Any CPU
		{2522A982-56B1-41BA-8BAF-8BEE39E4FD8D}.Debug|Any CPU.Build.0 = Debug|Any CPU
		{2522A982-56B1-41BA-8BAF-8BEE39E4FD8D}.Release|Any CPU.ActiveCfg = Release|Any CPU
		{2522A982-56B1-41BA-8BAF-8BEE39E4FD8D}.Release|Any CPU.Build.0 = Release|Any CPU
	EndGlobalSection
	GlobalSection(SolutionProperties) = preSolution
		HideSolutionNode = FALSE
	EndGlobalSection
	GlobalSection(ExtensibilityGlobals) = postSolution
		SolutionGuid = {8540BC5D-CD65-467F-8BA6-F8109CBF2F78}
	EndGlobalSection
EndGlobal
